
Microsoft Visual Studio Solution File, Format Version 12.00
# Visual Studio 15
VisualStudioVersion = 15.0.26430.16
MinimumVisualStudioVersion = 10.0.40219.1
Project("{2150E333-8FDC-42A3-9474-1A3956D46DE8}") = "Source", "Source", "{67A01144-6FE4-49B0-971C-36CEF2974208}"
EndProject
Project("{2150E333-8FDC-42A3-9474-1A3956D46DE8}") = "Test", "Test", "{4324A31F-464A-42C4-A03B-79424C7F3E74}"
EndProject
Project("{2150E333-8FDC-42A3-9474-1A3956D46DE8}") = "Executable", "Executable", "{63829FCF-5122-42B1-A164-455E19D51C9D}"
EndProject
Project("{9A19103F-16F7-4668-BE54-9A1E7A4F7556}") = "ServiceComponents", "RecklassRekkids.GlblRightsMgmt.ServiceComponent\ServiceComponents.csproj", "{5CBD53AA-1634-4860-9ABE-B1B439E605B8}"
EndProject
Project("{9A19103F-16F7-4668-BE54-9A1E7A4F7556}") = "ServiceAbstractions", "ServiceAbstraction\ServiceAbstractions.csproj", "{2A44A998-2B35-49B8-B8ED-417826BED759}"
EndProject
Project("{9A19103F-16F7-4668-BE54-9A1E7A4F7556}") = "CoreAbstractions", "CoreAbstractions\CoreAbstractions.csproj", "{264198E8-6AEC-4126-818E-7ECB1FFF25D7}"
EndProject
Project("{9A19103F-16F7-4668-BE54-9A1E7A4F7556}") = "ServiceEntities", "ServiceEntities\ServiceEntities.csproj", "{B276B980-3AF4-406D-B4FA-D8ADF3F818AB}"
EndProject
Project("{FAE04EC0-301F-11D3-BF4B-00C04F79EFBC}") = "ServiceComponents.Tests", "ServiceComponents.Tests\ServiceComponents.Tests.csproj", "{101E0B5D-3741-4AF2-917A-317D683E4DD0}"
EndProject
Project("{FAE04EC0-301F-11D3-BF4B-00C04F79EFBC}") = "TestsCore", "TestsCore\TestsCore.csproj", "{872A4F16-FFED-48AA-A07E-C7D9B20504F0}"
EndProject
Project("{9A19103F-16F7-4668-BE54-9A1E7A4F7556}") = "DataComponent", "DataComponent\DataComponent.csproj", "{E5195892-3C82-4830-A297-26F44DF816AD}"
EndProject
Project("{FAE04EC0-301F-11D3-BF4B-00C04F79EFBC}") = "CoreAbstractions.Tests", "CoreAbstractions.Tests\CoreAbstractions.Tests.csproj", "{372F1369-592D-4FD1-A6FE-AAC645DB14E5}"
EndProject
Project("{FAE04EC0-301F-11D3-BF4B-00C04F79EFBC}") = "EndToEndTest.cs", "EndToEndTest.cs\EndToEndTest.cs.csproj", "{05DC3049-F51A-440C-808A-5719BBCAA2D9}"
EndProject
Project("{FAE04EC0-301F-11D3-BF4B-00C04F79EFBC}") = "Application", "Application\Application.csproj", "{E08B1634-7BA2-4BF5-92C6-E5D7848F7A93}"
EndProject
Global
	GlobalSection(SolutionConfigurationPlatforms) = preSolution
		Debug|Any CPU = Debug|Any CPU
		Release|Any CPU = Release|Any CPU
	EndGlobalSection
	GlobalSection(ProjectConfigurationPlatforms) = postSolution
		{5CBD53AA-1634-4860-9ABE-B1B439E605B8}.Debug|Any CPU.ActiveCfg = Debug|Any CPU
		{5CBD53AA-1634-4860-9ABE-B1B439E605B8}.Debug|Any CPU.Build.0 = Debug|Any CPU
		{5CBD53AA-1634-4860-9ABE-B1B439E605B8}.Release|Any CPU.ActiveCfg = Release|Any CPU
		{5CBD53AA-1634-4860-9ABE-B1B439E605B8}.Release|Any CPU.Build.0 = Release|Any CPU
		{2A44A998-2B35-49B8-B8ED-417826BED759}.Debug|Any CPU.ActiveCfg = Debug|Any CPU
		{2A44A998-2B35-49B8-B8ED-417826BED759}.Debug|Any CPU.Build.0 = Debug|Any CPU
		{2A44A998-2B35-49B8-B8ED-417826BED759}.Release|Any CPU.ActiveCfg = Release|Any CPU
		{2A44A998-2B35-49B8-B8ED-417826BED759}.Release|Any CPU.Build.0 = Release|Any CPU
		{264198E8-6AEC-4126-818E-7ECB1FFF25D7}.Debug|Any CPU.ActiveCfg = Debug|Any CPU
		{264198E8-6AEC-4126-818E-7ECB1FFF25D7}.Debug|Any CPU.Build.0 = Debug|Any CPU
		{264198E8-6AEC-4126-818E-7ECB1FFF25D7}.Release|Any CPU.ActiveCfg = Release|Any CPU
		{264198E8-6AEC-4126-818E-7ECB1FFF25D7}.Release|Any CPU.Build.0 = Release|Any CPU
		{B276B980-3AF4-406D-B4FA-D8ADF3F818AB}.Debug|Any CPU.ActiveCfg = Debug|Any CPU
		{B276B980-3AF4-406D-B4FA-D8ADF3F818AB}.Debug|Any CPU.Build.0 = Debug|Any CPU
		{B276B980-3AF4-406D-B4FA-D8ADF3F818AB}.Release|Any CPU.ActiveCfg = Release|Any CPU
		{B276B980-3AF4-406D-B4FA-D8ADF3F818AB}.Release|Any CPU.Build.0 = Release|Any CPU
		{101E0B5D-3741-4AF2-917A-317D683E4DD0}.Debug|Any CPU.ActiveCfg = Debug|Any CPU
		{101E0B5D-3741-4AF2-917A-317D683E4DD0}.Debug|Any CPU.Build.0 = Debug|Any CPU
		{101E0B5D-3741-4AF2-917A-317D683E4DD0}.Release|Any CPU.ActiveCfg = Release|Any CPU
		{101E0B5D-3741-4AF2-917A-317D683E4DD0}.Release|Any CPU.Build.0 = Release|Any CPU
		{872A4F16-FFED-48AA-A07E-C7D9B20504F0}.Debug|Any CPU.ActiveCfg = Debug|Any CPU
		{872A4F16-FFED-48AA-A07E-C7D9B20504F0}.Debug|Any CPU.Build.0 = Debug|Any CPU
		{872A4F16-FFED-48AA-A07E-C7D9B20504F0}.Release|Any CPU.ActiveCfg = Release|Any CPU
		{872A4F16-FFED-48AA-A07E-C7D9B20504F0}.Release|Any CPU.Build.0 = Release|Any CPU
		{E5195892-3C82-4830-A297-26F44DF816AD}.Debug|Any CPU.ActiveCfg = Debug|Any CPU
		{E5195892-3C82-4830-A297-26F44DF816AD}.Debug|Any CPU.Build.0 = Debug|Any CPU
		{E5195892-3C82-4830-A297-26F44DF816AD}.Release|Any CPU.ActiveCfg = Release|Any CPU
		{E5195892-3C82-4830-A297-26F44DF816AD}.Release|Any CPU.Build.0 = Release|Any CPU
		{372F1369-592D-4FD1-A6FE-AAC645DB14E5}.Debug|Any CPU.ActiveCfg = Debug|Any CPU
		{372F1369-592D-4FD1-A6FE-AAC645DB14E5}.Debug|Any CPU.Build.0 = Debug|Any CPU
		{372F1369-592D-4FD1-A6FE-AAC645DB14E5}.Release|Any CPU.ActiveCfg = Release|Any CPU
		{372F1369-592D-4FD1-A6FE-AAC645DB14E5}.Release|Any CPU.Build.0 = Release|Any CPU
		{05DC3049-F51A-440C-808A-5719BBCAA2D9}.Debug|Any CPU.ActiveCfg = Debug|Any CPU
		{05DC3049-F51A-440C-808A-5719BBCAA2D9}.Debug|Any CPU.Build.0 = Debug|Any CPU
		{05DC3049-F51A-440C-808A-5719BBCAA2D9}.Release|Any CPU.ActiveCfg = Release|Any CPU
		{05DC3049-F51A-440C-808A-5719BBCAA2D9}.Release|Any CPU.Build.0 = Release|Any CPU
		{E08B1634-7BA2-4BF5-92C6-E5D7848F7A93}.Debug|Any CPU.ActiveCfg = Debug|Any CPU
		{E08B1634-7BA2-4BF5-92C6-E5D7848F7A93}.Debug|Any CPU.Build.0 = Debug|Any CPU
		{E08B1634-7BA2-4BF5-92C6-E5D7848F7A93}.Release|Any CPU.ActiveCfg = Release|Any CPU
		{E08B1634-7BA2-4BF5-92C6-E5D7848F7A93}.Release|Any CPU.Build.0 = Release|Any CPU
	EndGlobalSection
	GlobalSection(SolutionProperties) = preSolution
		HideSolutionNode = FALSE
	EndGlobalSection
	GlobalSection(NestedProjects) = preSolution
		{5CBD53AA-1634-4860-9ABE-B1B439E605B8} = {67A01144-6FE4-49B0-971C-36CEF2974208}
		{2A44A998-2B35-49B8-B8ED-417826BED759} = {67A01144-6FE4-49B0-971C-36CEF2974208}
		{264198E8-6AEC-4126-818E-7ECB1FFF25D7} = {67A01144-6FE4-49B0-971C-36CEF2974208}
		{B276B980-3AF4-406D-B4FA-D8ADF3F818AB} = {67A01144-6FE4-49B0-971C-36CEF2974208}
		{101E0B5D-3741-4AF2-917A-317D683E4DD0} = {4324A31F-464A-42C4-A03B-79424C7F3E74}
		{872A4F16-FFED-48AA-A07E-C7D9B20504F0} = {4324A31F-464A-42C4-A03B-79424C7F3E74}
		{E5195892-3C82-4830-A297-26F44DF816AD} = {67A01144-6FE4-49B0-971C-36CEF2974208}
		{372F1369-592D-4FD1-A6FE-AAC645DB14E5} = {4324A31F-464A-42C4-A03B-79424C7F3E74}
		{05DC3049-F51A-440C-808A-5719BBCAA2D9} = {4324A31F-464A-42C4-A03B-79424C7F3E74}
		{E08B1634-7BA2-4BF5-92C6-E5D7848F7A93} = {67A01144-6FE4-49B0-971C-36CEF2974208}
	EndGlobalSection
EndGlobal
